{
  "version": "2",
  "remote": {
    "http://localhost:3000/components/Header.tsx?ssr&v=ld9mb1tm": "3f413dafebd4e0da5698cca09add1d872050f4b9ab3e92d9ec0afcd462853bf7",
    "http://localhost:3000/routes/index.tsx?ssr&v=ld9mb1tm": "0c3fcbc5969f295fdc66eec61f889c8c5f518315a6e61f6c387e1dee1ce948f8",
    "https://deno.land/std@0.155.0/_util/assert.ts": "e94f2eb37cebd7f199952e242c77654e43333c1ac4c5c700e929ea3aa5489f74",
    "https://deno.land/std@0.155.0/_util/os.ts": "3b4c6e27febd119d36a416d7a97bd3b0251b77c88942c8f16ee5953ea13e2e49",
    "https://deno.land/std@0.155.0/async/abortable.ts": "87aa7230be8360c24ad437212311c9e8d4328854baec27b4c7abb26e85515c06",
    "https://deno.land/std@0.155.0/async/deadline.ts": "48ac998d7564969f3e6ec6b6f9bf0217ebd00239b1b2292feba61272d5dd58d0",
    "https://deno.land/std@0.155.0/async/debounce.ts": "de5433bff08a2bb61416fc53b3bd2d5867090c8a815465e5b4a10a77495b1051",
    "https://deno.land/std@0.155.0/async/deferred.ts": "c01de44b9192359cebd3fe93273fcebf9e95110bf3360023917da9a2d1489fae",
    "https://deno.land/std@0.155.0/async/delay.ts": "0419dfc993752849692d1f9647edf13407c7facc3509b099381be99ffbc9d699",
    "https://deno.land/std@0.155.0/async/mod.ts": "dd0a8ed4f3984ffabe2fcca7c9f466b7932d57b1864ffee148a5d5388316db6b",
    "https://deno.land/std@0.155.0/async/mux_async_iterator.ts": "3447b28a2a582224a3d4d3596bccbba6e85040da3b97ed64012f7decce98d093",
    "https://deno.land/std@0.155.0/async/pool.ts": "ef9eb97b388543acbf0ac32647121e4dbe629236899586c4d4311a8770fbb239",
    "https://deno.land/std@0.155.0/async/tee.ts": "d27680d911816fcb3d231e16d690e7588079e66a9b2e5ce8cc354db94fdce95f",
    "https://deno.land/std@0.155.0/bytes/equals.ts": "3c3558c3ae85526f84510aa2b48ab2ad7bdd899e2e0f5b7a8ffc85acb3a6043a",
    "https://deno.land/std@0.155.0/bytes/mod.ts": "763f97d33051cc3f28af1a688dfe2830841192a9fea0cbaa55f927b49d49d0bf",
    "https://deno.land/std@0.155.0/encoding/base64.ts": "c57868ca7fa2fbe919f57f88a623ad34e3d970d675bdc1ff3a9d02bba7409db2",
    "https://deno.land/std@0.155.0/fmt/colors.ts": "ff7dc9c9f33a72bd48bc24b21bbc1b4545d8494a431f17894dbc5fe92a938fc4",
    "https://deno.land/std@0.155.0/fs/_util.ts": "fdc156f897197f261a1c096dcf8ff9267ed0ff42bd5b31f55053a4763a4bae3b",
    "https://deno.land/std@0.155.0/fs/ensure_dir.ts": "76395fc1c989ca8d2de3aedfa8240eb8f5225cde20f926de957995b063135b80",
    "https://deno.land/std@0.155.0/http/server.ts": "e2e16f0b124ffef022ad04797d4250d6e4fc0d9579780999091949b17789dd1a",
    "https://deno.land/std@0.155.0/path/_constants.ts": "df1db3ffa6dd6d1252cc9617e5d72165cd2483df90e93833e13580687b6083c3",
    "https://deno.land/std@0.155.0/path/_interface.ts": "ee3b431a336b80cf445441109d089b70d87d5e248f4f90ff906820889ecf8d09",
    "https://deno.land/std@0.155.0/path/_util.ts": "d16be2a16e1204b65f9d0dfc54a9bc472cafe5f4a190b3c8471ec2016ccd1677",
    "https://deno.land/std@0.155.0/path/common.ts": "bee563630abd2d97f99d83c96c2fa0cca7cee103e8cb4e7699ec4d5db7bd2633",
    "https://deno.land/std@0.155.0/path/glob.ts": "cb5255638de1048973c3e69e420c77dc04f75755524cb3b2e160fe9277d939ee",
    "https://deno.land/std@0.155.0/path/mod.ts": "56fec03ad0ebd61b6ab39ddb9b0ddb4c4a5c9f2f4f632e09dd37ec9ebfd722ac",
    "https://deno.land/std@0.155.0/path/posix.ts": "c1f7afe274290ea0b51da07ee205653b2964bd74909a82deb07b69a6cc383aaa",
    "https://deno.land/std@0.155.0/path/separator.ts": "fe1816cb765a8068afb3e8f13ad272351c85cbc739af56dacfc7d93d710fe0f9",
    "https://deno.land/std@0.155.0/path/win32.ts": "bd7549042e37879c68ff2f8576a25950abbfca1d696d41d82c7bca0b7e6f452c",
    "https://deno.land/std@0.173.0/_util/asserts.ts": "178dfc49a464aee693a7e285567b3d0b555dc805ff490505a8aae34f9cfb1462",
    "https://deno.land/std@0.173.0/_util/os.ts": "d932f56d41e4f6a6093d56044e29ce637f8dcc43c5a90af43504a889cf1775e3",
    "https://deno.land/std@0.173.0/async/abortable.ts": "73acfb3ed7261ce0d930dbe89e43db8d34e017b063cf0eaa7d215477bf53442e",
    "https://deno.land/std@0.173.0/async/deadline.ts": "b98e50d2c42399af03ad13bbb8cf59dadb9f0cd5d70648cc0c3b9202d75ab565",
    "https://deno.land/std@0.173.0/async/debounce.ts": "adab11d04ca38d699444ac8a9d9856b4155e8dda2afd07ce78276c01ea5a4332",
    "https://deno.land/std@0.173.0/async/deferred.ts": "42790112f36a75a57db4a96d33974a936deb7b04d25c6084a9fa8a49f135def8",
    "https://deno.land/std@0.173.0/async/delay.ts": "73aa04cec034c84fc748c7be49bb15cac3dd43a57174bfdb7a4aec22c248f0dd",
    "https://deno.land/std@0.173.0/async/mod.ts": "f04344fa21738e5ad6bea37a6bfffd57c617c2d372bb9f9dcfd118a1b622e576",
    "https://deno.land/std@0.173.0/async/mux_async_iterator.ts": "70c7f2ee4e9466161350473ad61cac0b9f115cff4c552eaa7ef9d50c4cbb4cc9",
    "https://deno.land/std@0.173.0/async/pool.ts": "fd082bd4aaf26445909889435a5c74334c017847842ec035739b4ae637ae8260",
    "https://deno.land/std@0.173.0/async/retry.ts": "5efa3ba450ac0c07a40a82e2df296287b5013755d232049efd7ea2244f15b20f",
    "https://deno.land/std@0.173.0/async/tee.ts": "47e42d35f622650b02234d43803d0383a89eb4387e1b83b5a40106d18ae36757",
    "https://deno.land/std@0.173.0/bytes/index_of_needle.ts": "65c939607df609374c4415598fa4dad04a2f14c4d98cd15775216f0aaf597f24",
    "https://deno.land/std@0.173.0/crypto/_wasm/lib/deno_std_wasm_crypto.generated.mjs": "5dedb7f9aa05f0e18ed017691c58df5f4686e4cbbd70368c6f896e5cca03f2b4",
    "https://deno.land/std@0.173.0/crypto/_wasm/mod.ts": "e2df88236fc061eac7a89e8cb0b97843f5280b08b2a990e473b7397a3e566003",
    "https://deno.land/std@0.173.0/crypto/timing_safe_equal.ts": "8d69ab611c67fe51b6127d97fcfb4d8e7d0e1b6b4f3e0cc4ab86744c3691f965",
    "https://deno.land/std@0.173.0/encoding/base64.ts": "7de04c2f8aeeb41453b09b186480be90f2ff357613b988e99fabb91d2eeceba1",
    "https://deno.land/std@0.173.0/encoding/base64url.ts": "3f1178f6446834457b16bfde8b559c1cd3481727fe384d3385e4a9995dc2d851",
    "https://deno.land/std@0.173.0/encoding/hex.ts": "50f8c95b52eae24395d3dfcb5ec1ced37c5fe7610ef6fffdcc8b0fdc38e3b32f",
    "https://deno.land/std@0.173.0/flags/mod.ts": "d1cdefa18472ef69858a17df5cf7c98445ed27ac10e1460183081303b0ebc270",
    "https://deno.land/std@0.173.0/fmt/colors.ts": "938c5d44d889fb82eff6c358bea8baa7e85950a16c9f6dae3ec3a7a729164471",
    "https://deno.land/std@0.173.0/fmt/printf.ts": "8afc5987c9a88d345cd4de25b30126b16062635f51de9496f0270b0e03b7b10f",
    "https://deno.land/std@0.173.0/node/_core.ts": "8667bf9129cdcbaac6f5c14f4def45ca954928baaa697a0ffdb0ee1556d4c644",
    "https://deno.land/std@0.173.0/node/_crypto/crypto_browserify/asn1.js/base/buffer.js": "c9364c761681134015ec8ba6f33b39c067d6e5dd59860d55face8d5be8522744",
    "https://deno.land/std@0.173.0/node/_crypto/crypto_browserify/asn1.js/base/node.js": "8f7f23bfa300990bbd6db7e7395e9688b54a04e3eb2fab5cab9a9a72e26c525f",
    "https://deno.land/std@0.173.0/node/_crypto/crypto_browserify/asn1.js/base/reporter.js": "788aec7662991da549e5f7f3edbc3e3d6c6cecabc894b18d1a705b0f204e06c3",
    "https://deno.land/std@0.173.0/node/_crypto/crypto_browserify/asn1.js/constants/der.js": "57181db0519bb3864a6cdf4e7eb9bfeb1bf5f80605187fbe80e27083b473e367",
    "https://deno.land/std@0.173.0/node/_crypto/crypto_browserify/asn1.js/decoders/der.js": "fdc4de98c9b0b59db169a2b225895741e2ab34b00e14315ac2ff5e389d6db16e",
    "https://deno.land/std@0.173.0/node/_crypto/crypto_browserify/asn1.js/decoders/pem.js": "fd7f0072c193c82959fec0374f4fd3adf3f4ac38594fd404d66b3e8724107151",
    "https://deno.land/std@0.173.0/node/_crypto/crypto_browserify/asn1.js/encoders/der.js": "137bc4f8fe66b9950c743025e199789e25342f791e2d52353ceb016ad2854b42",
    "https://deno.land/std@0.173.0/node/_crypto/crypto_browserify/asn1.js/encoders/pem.js": "e43bc706973c4c27e1e2f96262daba3d38822cb10f5b494f6944c726ee655160",
    "https://deno.land/std@0.173.0/node/_crypto/crypto_browserify/asn1.js/mod.js": "1f88293688296be7a6c735bd8ea39425f5b274b94db1d6b7968dddfb54ac9d37",
    "https://deno.land/std@0.173.0/node/_crypto/crypto_browserify/bn.js/bn.js": "f3f3c1dae1aa55de9e6472af1d6bec5ccda4b4890ee5c52a90961137fe99564e",
    "https://deno.land/std@0.173.0/node/_crypto/crypto_browserify/browserify_aes/aes.js": "698e1ed386b7dff27b2d59fa1c75f506beceec96b78670a15a734e438c08f138",
    "https://deno.land/std@0.173.0/node/_crypto/crypto_browserify/browserify_aes/auth_cipher.js": "5c245b5685b066356a7c9529a3a441bf5f57823a6946ce1b0ef2e1af32bb76f4",
    "https://deno.land/std@0.173.0/node/_crypto/crypto_browserify/browserify_aes/decrypter.js": "39152b2b3409893b8548feeab7e5997ceb1595f31df0dedaf765708be8f025c0",
    "https://deno.land/std@0.173.0/node/_crypto/crypto_browserify/browserify_aes/encrypter.js": "f9cc703d5a7b5255999c1a3600fbf48ff564b65f827744877526803093ceebff",
    "https://deno.land/std@0.173.0/node/_crypto/crypto_browserify/browserify_aes/ghash.js": "759d80b760f44cd3a454b4f161fd03a7d6c359901446f0a907a6870cb66d6767",
    "https://deno.land/std@0.173.0/node/_crypto/crypto_browserify/browserify_aes/incr32.js": "2bdea27b74b3990ee56807a1a5abe335f118826beabeeb905459c8768094b28f",
    "https://deno.land/std@0.173.0/node/_crypto/crypto_browserify/browserify_aes/mod.js": "fe4affebbd210d885b2e5135c668751f9d10bc14aa0cc3905cbfff66f04b4c58",
    "https://deno.land/std@0.173.0/node/_crypto/crypto_browserify/browserify_aes/modes/cbc.js": "ff24b4506522a724ba7a03c1403ad8938aba45056f9fd47c7f0b4fcb3a640adf",
    "https://deno.land/std@0.173.0/node/_crypto/crypto_browserify/browserify_aes/modes/cfb.js": "643720a1db969b6bcc896c95523630838a8335513d02f340514fd524bb4113cb",
    "https://deno.land/std@0.173.0/node/_crypto/crypto_browserify/browserify_aes/modes/cfb1.js": "01c9a46aa3affd84a54ae33652fb0fa0ff7c862be2a459d9cb188cb8e2c4b11e",
    "https://deno.land/std@0.173.0/node/_crypto/crypto_browserify/browserify_aes/modes/cfb8.js": "97476cee25103e02a02b196d7fe6f28a9f0f9e47ee344687d7492bc7282a59f8",
    "https://deno.land/std@0.173.0/node/_crypto/crypto_browserify/browserify_aes/modes/ctr.js": "1e3835adb753cfe6761e4df8c43d190e31e1ca6a586fd582747c8255c82ed78d",
    "https://deno.land/std@0.173.0/node/_crypto/crypto_browserify/browserify_aes/modes/ecb.js": "79677b96d4af50c49f0a4f698e5c7e5a64f1d2926b799e0d2eac2cdd5ec7488c",
    "https://deno.land/std@0.173.0/node/_crypto/crypto_browserify/browserify_aes/modes/mod.js": "fe3db429b867a0a8066c64d7b33b840a1f24cad9174156384a763733f68cf518",
    "https://deno.land/std@0.173.0/node/_crypto/crypto_browserify/browserify_aes/modes/ofb.js": "3553308f98d078e2006eac39bb6d91818f8bb376b01d962ae98eabf6ee79ad4e",
    "https://deno.land/std@0.173.0/node/_crypto/crypto_browserify/browserify_aes/stream_cipher.js": "70f50f37ddec530ae95911ca2f286ebd2ddbd54d914ab0be461ec1dc3c61990f",
    "https://deno.land/std@0.173.0/node/_crypto/crypto_browserify/browserify_aes/xor.ts": "7132baacdb39ba82c3bfe325a60e68ca87469c0ed0cdd0508caf6f40bab852b8",
    "https://deno.land/std@0.173.0/node/_crypto/crypto_browserify/browserify_rsa.js": "96e0e4fee7c2cf75ef86d958c709bfc239297a080fd17ace5ea5ab699a1b6174",
    "https://deno.land/std@0.173.0/node/_crypto/crypto_browserify/cipher_base.js": "9ebc6ccc364cf7b23024821054d2e72a2d8da8d8a2a36cacdc5aa6cc6770ef93",
    "https://deno.land/std@0.173.0/node/_crypto/crypto_browserify/evp_bytes_to_key.ts": "7c4c27b6e321b2d7065a6703d90264921e9a805d91d9dfdb21103393228024e2",
    "https://deno.land/std@0.173.0/node/_crypto/crypto_browserify/parse_asn1/asn1.js": "7d99b6df508164169a33377346e8840d519fe2defccb362a023c92c5bd503433",
    "https://deno.land/std@0.173.0/node/_crypto/crypto_browserify/parse_asn1/certificate.js": "5795348417b3ec7aafa4854ba55f364e0148eadfdd29d1566c90e617237621bb",
    "https://deno.land/std@0.173.0/node/_crypto/crypto_browserify/parse_asn1/fix_proc.js": "858dd3e6ce264d75822cadc21bb55114f4e4867a706abde1663548aa2710fc1b",
    "https://deno.land/std@0.173.0/node/_crypto/crypto_browserify/parse_asn1/mod.js": "ea164fbd497ce3d710426742d4b72f71da8954c4ebaeb7eadc33316c5b0060f1",
    "https://deno.land/std@0.173.0/node/_crypto/crypto_browserify/public_encrypt/mgf.js": "dfac5008a550b3e7e6b851c4fb42e984aa9e7fae64707888f47f2aa0991c004d",
    "https://deno.land/std@0.173.0/node/_crypto/crypto_browserify/public_encrypt/mod.js": "0704326ff3ee2bb0764a964995d1aa62b1147b714ad5465e878ba4d57731e3db",
    "https://deno.land/std@0.173.0/node/_crypto/crypto_browserify/public_encrypt/private_decrypt.js": "8a1d11edb176d95d1e3bdf1aff5c3248a986bf9734d1a6b07508e29132d2f65c",
    "https://deno.land/std@0.173.0/node/_crypto/crypto_browserify/public_encrypt/public_encrypt.js": "f88b0e3c228d84096fdbc03e614e86bef86e56013cb9628b2425e31b3b142b2c",
    "https://deno.land/std@0.173.0/node/_crypto/crypto_browserify/public_encrypt/with_public.js": "752da754d253b5743d89c0f2432b6eb6f8815b80efd9ee588683e10a13d34400",
    "https://deno.land/std@0.173.0/node/_crypto/crypto_browserify/public_encrypt/xor.js": "087ebef8f6fcb8ca4c7216cc22de728d9a61ec27b9a036b900681ff25d6409af",
    "https://deno.land/std@0.173.0/node/_crypto/crypto_browserify/randombytes.ts": "23bde8be640e274d7bb88cf10d1da8bba252654252dc6a877fed86a77da5952c",
    "https://deno.land/std@0.173.0/node/_events.d.ts": "1347437fd6b084d7c9a4e16b9fe7435f00b030970086482edeeb3b179d0775af",
    "https://deno.land/std@0.173.0/node/_events.mjs": "d4ba4e629abe3db9f1b14659fd5c282b7da8b2b95eaf13238eee4ebb142a2448",
    "https://deno.land/std@0.173.0/node/_global.d.ts": "2d88342f38b4083b858998e27c706725fb03a74aa14ef8d985dc18438b5188e4",
    "https://deno.land/std@0.173.0/node/_next_tick.ts": "9a3cf107d59b019a355d3cf32275b4c6157282e4b68ea85b46a799cb1d379305",
    "https://deno.land/std@0.173.0/node/_process/exiting.ts": "6e336180aaabd1192bf99ffeb0d14b689116a3dec1dfb34a2afbacd6766e98ab",
    "https://deno.land/std@0.173.0/node/_process/process.ts": "c96bb1f6253824c372f4866ee006dcefda02b7050d46759736e403f862d91051",
    "https://deno.land/std@0.173.0/node/_process/stdio.mjs": "cf17727eac8da3a665851df700b5aca6a12bacc3ebbf33e63e4b919f80ba44a6",
    "https://deno.land/std@0.173.0/node/_process/streams.mjs": "c1461c4dbf963a93a0ca8233467573a685bbde347562573761cc9435fd7080f6",
    "https://deno.land/std@0.173.0/node/_stream.d.ts": "112e1a0677cd6db932c3ce0e6e5bbdc7a2ac1874572f449044ecc82afcf5ee2e",
    "https://deno.land/std@0.173.0/node/_stream.mjs": "d6e2c86c1158ac65b4c2ca4fa019d7e84374ff12e21e2175345fe68c0823efe3",
    "https://deno.land/std@0.173.0/node/_util/_util_callbackify.ts": "a7ffe799ac5f54f3a780ee1c9b190b94dc7dc8afbb430c0e1c73756638d25d64",
    "https://deno.land/std@0.173.0/node/_utils.ts": "7fd55872a0cf9275e3c080a60e2fa6d45b8de9e956ebcde9053e72a344185884",
    "https://deno.land/std@0.173.0/node/assert.ts": "52a682477f2b849b3e451a140d665faa2c26a9ac8f615191fe3d9ec18f55b0c8",
    "https://deno.land/std@0.173.0/node/assertion_error.ts": "8d208eab48e50ed56fe0f82f755a0d471dc7cd0acd3947b51aa9764de7d30b86",
    "https://deno.land/std@0.173.0/node/buffer.ts": "85617be2063eccaf177dbb84c7580d1e32023724ed14bd9df4e453b152a26167",
    "https://deno.land/std@0.173.0/node/crypto.ts": "2c94fa0f76e90190fbc34df891dc5c284bddb86c932fae8ac11747de3f75293c",
    "https://deno.land/std@0.173.0/node/events.ts": "d2de352d509de11a375e2cb397d6b98f5fed4e562fc1d41be33214903a38e6b0",
    "https://deno.land/std@0.173.0/node/internal/buffer.d.ts": "bdfa991cd88cb02fd08bf8235d2618550e3e511c970b2a8f2e1a6885a2793cac",
    "https://deno.land/std@0.173.0/node/internal/buffer.mjs": "e92303a3cc6d9aaabcd270a937ad9319825d9ba08cb332650944df4562029b27",
    "https://deno.land/std@0.173.0/node/internal/crypto/_keys.ts": "8f3c3b5a141aa0331a53c205e9338655f1b3b307a08085fd6ff6dda6f7c4190b",
    "https://deno.land/std@0.173.0/node/internal/crypto/_randomBytes.ts": "36dd164747f73b830ba86562abb160a8ac5bea34aaeb816a67f3005a00d41177",
    "https://deno.land/std@0.173.0/node/internal/crypto/_randomFill.ts": "297186f290eba87a1ad7b8aa42a960ff4278a8b6b0c963fa81918c326d5c0b58",
    "https://deno.land/std@0.173.0/node/internal/crypto/_randomInt.ts": "6cf19da9684b67520e67a2d99f2581a3f841140842c7ce2e014d166457550fe1",
    "https://deno.land/std@0.173.0/node/internal/crypto/certificate.ts": "b4a6695f82e70a42e85247c74a7691ed4b3a904646451af0287e49efe1a28814",
    "https://deno.land/std@0.173.0/node/internal/crypto/cipher.ts": "2bae9b4d94c465e4d1c70e5a9e8fd67ce20bcc66fecd2eec6be00d35144ca4eb",
    "https://deno.land/std@0.173.0/node/internal/crypto/constants.ts": "544d605703053218499b08214f2e25cf4310651d535b7ab995891c4b7a217693",
    "https://deno.land/std@0.173.0/node/internal/crypto/diffiehellman.ts": "9cfb219c5b2936db773f559b6affe6d25b0e40531010389f05df3f05ce7eebf5",
    "https://deno.land/std@0.173.0/node/internal/crypto/hash.ts": "d01f5d3ad5477655b432036d2d553c7a0c31a901ac0e1e9e0d8b3975daae7624",
    "https://deno.land/std@0.173.0/node/internal/crypto/hkdf.ts": "5bd801234e56468fbd47466f46e88bdadc66432d625e3616abe38878d410bb66",
    "https://deno.land/std@0.173.0/node/internal/crypto/keygen.ts": "530cc1a00acf71a43719bb876a2dc563b6196095d080eba77c92c9f39658a5b9",
    "https://deno.land/std@0.173.0/node/internal/crypto/keys.ts": "e51e1759e61c85851d5be2213782fc70bf697211f48896428f1da8a184771589",
    "https://deno.land/std@0.173.0/node/internal/crypto/pbkdf2.ts": "0a0a3e0d3d45db0638fe75a4199c7ed7ca2164405750a520e786e4adebdb45a4",
    "https://deno.land/std@0.173.0/node/internal/crypto/random.ts": "85f3147e14cb45c18e016da45d319a5c663309411232a956fdc09c2317acdd9f",
    "https://deno.land/std@0.173.0/node/internal/crypto/scrypt.ts": "b55a0fcd12b295af4127d05b1c0bc3098b74fc0e3c62321c2a43c20f9ed18209",
    "https://deno.land/std@0.173.0/node/internal/crypto/sig.ts": "25819a89d49c1ebfe3baa1f9464501ec599a36cf53e9b600ec0399e568b9dccc",
    "https://deno.land/std@0.173.0/node/internal/crypto/types.ts": "52feb182bcbd59206f3e2f4a3cb8a5775d4452c2a8045c3e613e2178d32c2a86",
    "https://deno.land/std@0.173.0/node/internal/crypto/util.ts": "db282c0413aeee28bc0665fcfc1c08a65fc96dc12ed4d03282f2da4907fcf0ce",
    "https://deno.land/std@0.173.0/node/internal/crypto/x509.ts": "0e8a541c4f58ecb83862c373d3f7d2371aa8f5108f55bc837b190c4ab3408764",
    "https://deno.land/std@0.173.0/node/internal/error_codes.ts": "8495e33f448a484518d76fa3d41d34fc20fe03c14b30130ad8e936b0035d4b8b",
    "https://deno.land/std@0.173.0/node/internal/errors.ts": "1c699b8a3cb93174f697a348c004b1c6d576b66688eac8a48ebb78e65c720aae",
    "https://deno.land/std@0.173.0/node/internal/fixed_queue.ts": "62bb119afa5b5ae8fc0c7048b50502347bec82e2588017d0b250c4671d6eff8f",
    "https://deno.land/std@0.173.0/node/internal/hide_stack_frames.ts": "9dd1bad0a6e62a1042ce3a51eb1b1ecee2f246907bff44835f86e8f021de679a",
    "https://deno.land/std@0.173.0/node/internal/net.ts": "5538d31b595ac63d4b3e90393168bc65ace2f332c3317cffa2fd780070b2d86c",
    "https://deno.land/std@0.173.0/node/internal/normalize_encoding.mjs": "fd1d9df61c44d7196432f6e8244621468715131d18cc79cd299fc78ac549f707",
    "https://deno.land/std@0.173.0/node/internal/options.ts": "888f267c3fe8f18dc7b2f2fbdbe7e4a0fd3302ff3e99f5d6645601e924f3e3fb",
    "https://deno.land/std@0.173.0/node/internal/primordials.mjs": "a72d86b5aa55d3d50b8e916b6a59b7cc0dc5a31da8937114b4a113ad5aa08c74",
    "https://deno.land/std@0.173.0/node/internal/process/per_thread.mjs": "10142bbb13978c2f8f79778ad90f3a67a8ea6d8d2970f3dfc6bf2c6fff0162a2",
    "https://deno.land/std@0.173.0/node/internal/readline/callbacks.mjs": "bdb129b140c3b21b5e08cdc3d8e43517ad818ac03f75197338d665cca1cbaed3",
    "https://deno.land/std@0.173.0/node/internal/readline/utils.mjs": "c3dbf3a97c01ed14052cca3848f09e2fc24818c1822ceed57c33b9f0840f3b87",
    "https://deno.land/std@0.173.0/node/internal/streams/destroy.mjs": "b665fc71178919a34ddeac8389d162a81b4bc693ff7dc2557fa41b3a91011967",
    "https://deno.land/std@0.173.0/node/internal/streams/end-of-stream.mjs": "a4fb1c2e32d58dff440d4e716e2c4daaa403b3095304a028bb428575cfeed716",
    "https://deno.land/std@0.173.0/node/internal/streams/utils.mjs": "f2fe2e6bdc506da24c758970890cc2a21642045b129dee618bd3827c60dd9e33",
    "https://deno.land/std@0.173.0/node/internal/streams/writable.mjs": "775928726d0483ace8e45a35f30db2019a22dd7b9a81b67b158420e21cc692c5",
    "https://deno.land/std@0.173.0/node/internal/util.mjs": "f7fe2e1ca5e66f550ad0856b9f5ee4d666f0c071fe212ea7fc7f37cfa81f97a5",
    "https://deno.land/std@0.173.0/node/internal/util/comparisons.ts": "0da27292b2714c14873a798221189321ee044e52a9c5df99979f8415f1348665",
    "https://deno.land/std@0.173.0/node/internal/util/debuglog.ts": "a2392980a65cc6916afc17fa6686242ee0e3b47bd98c792ff59358560b24185e",
    "https://deno.land/std@0.173.0/node/internal/util/inspect.mjs": "11d7c9cab514b8e485acc3978c74b837263ff9c08ae4537fa18ad56bae633259",
    "https://deno.land/std@0.173.0/node/internal/util/types.ts": "4f3625ea39111eaae1443c834e769b0c5ce9ea33b31d5a853b02af6a78105178",
    "https://deno.land/std@0.173.0/node/internal/validators.mjs": "e02f2b02dd072a5d623970292588d541204dc82207b4c58985d933a5f4b382e6",
    "https://deno.land/std@0.173.0/node/internal_binding/_libuv_winerror.ts": "30c9569603d4b97a1f1a034d88a3f74800d5ea1f12fcc3d225c9899d4e1a518b",
    "https://deno.land/std@0.173.0/node/internal_binding/_listen.ts": "c6038be47116f7755c01fd98340a0d1e8e66ef874710ab59ed3f5607d50d7a25",
    "https://deno.land/std@0.173.0/node/internal_binding/_node.ts": "cb2389b0eab121df99853eb6a5e3a684e4537e065fb8bf2cca0cbf219ce4e32e",
    "https://deno.land/std@0.173.0/node/internal_binding/_timingSafeEqual.ts": "7d9732464d3c669ff07713868ce5d25bc974a06112edbfb5f017fc3c70c0853e",
    "https://deno.land/std@0.173.0/node/internal_binding/_utils.ts": "7c58a2fbb031a204dee9583ba211cf9c67922112fe77e7f0b3226112469e9fe1",
    "https://deno.land/std@0.173.0/node/internal_binding/_winerror.ts": "3e8cfdfe22e89f13d2b28529bab35155e6b1730c0221ec5a6fc7077dc037be13",
    "https://deno.land/std@0.173.0/node/internal_binding/ares.ts": "bdd34c679265a6c115a8cfdde000656837a0a0dcdb0e4c258e622e136e9c31b8",
    "https://deno.land/std@0.173.0/node/internal_binding/async_wrap.ts": "0dc5ae64eea2c9e57ab17887ef1573922245167ffe38e3685c28d636f487f1b7",
    "https://deno.land/std@0.173.0/node/internal_binding/buffer.ts": "31729e0537921d6c730ad0afea44a7e8a0a1044d070ade8368226cb6f7390c8b",
    "https://deno.land/std@0.173.0/node/internal_binding/cares_wrap.ts": "9b7247772167f8ed56acd0244a232d9d50e8d7c9cfc379f77f3d54cecc2f32ab",
    "https://deno.land/std@0.173.0/node/internal_binding/config.ts": "37d293009d1718205bf28e878e54a9f1ca24c1c320cee2416c20dc054104c6ea",
    "https://deno.land/std@0.173.0/node/internal_binding/connection_wrap.ts": "7dd089ea46de38e4992d0f43a09b586e4cf04878fb06863c1cb8cb2ece7da521",
    "https://deno.land/std@0.173.0/node/internal_binding/constants.ts": "21ff9d1ee71d0a2086541083a7711842fc6ae25e264dbf45c73815aadce06f4c",
    "https://deno.land/std@0.173.0/node/internal_binding/contextify.ts": "37d293009d1718205bf28e878e54a9f1ca24c1c320cee2416c20dc054104c6ea",
    "https://deno.land/std@0.173.0/node/internal_binding/credentials.ts": "37d293009d1718205bf28e878e54a9f1ca24c1c320cee2416c20dc054104c6ea",
    "https://deno.land/std@0.173.0/node/internal_binding/crypto.ts": "29e8f94f283a2e7d4229d3551369c6a40c2af9737fad948cb9be56bef6c468cd",
    "https://deno.land/std@0.173.0/node/internal_binding/errors.ts": "37d293009d1718205bf28e878e54a9f1ca24c1c320cee2416c20dc054104c6ea",
    "https://deno.land/std@0.173.0/node/internal_binding/fs.ts": "37d293009d1718205bf28e878e54a9f1ca24c1c320cee2416c20dc054104c6ea",
    "https://deno.land/std@0.173.0/node/internal_binding/fs_dir.ts": "37d293009d1718205bf28e878e54a9f1ca24c1c320cee2416c20dc054104c6ea",
    "https://deno.land/std@0.173.0/node/internal_binding/fs_event_wrap.ts": "37d293009d1718205bf28e878e54a9f1ca24c1c320cee2416c20dc054104c6ea",
    "https://deno.land/std@0.173.0/node/internal_binding/handle_wrap.ts": "adf0b8063da2c54f26edd5e8ec50296a4d38e42716a70a229f14654b17a071d9",
    "https://deno.land/std@0.173.0/node/internal_binding/heap_utils.ts": "37d293009d1718205bf28e878e54a9f1ca24c1c320cee2416c20dc054104c6ea",
    "https://deno.land/std@0.173.0/node/internal_binding/http_parser.ts": "37d293009d1718205bf28e878e54a9f1ca24c1c320cee2416c20dc054104c6ea",
    "https://deno.land/std@0.173.0/node/internal_binding/icu.ts": "37d293009d1718205bf28e878e54a9f1ca24c1c320cee2416c20dc054104c6ea",
    "https://deno.land/std@0.173.0/node/internal_binding/inspector.ts": "37d293009d1718205bf28e878e54a9f1ca24c1c320cee2416c20dc054104c6ea",
    "https://deno.land/std@0.173.0/node/internal_binding/js_stream.ts": "37d293009d1718205bf28e878e54a9f1ca24c1c320cee2416c20dc054104c6ea",
    "https://deno.land/std@0.173.0/node/internal_binding/messaging.ts": "37d293009d1718205bf28e878e54a9f1ca24c1c320cee2416c20dc054104c6ea",
    "https://deno.land/std@0.173.0/node/internal_binding/mod.ts": "9fc65f7af1d35e2d3557539a558ea9ad7a9954eefafe614ad82d94bddfe25845",
    "https://deno.land/std@0.173.0/node/internal_binding/module_wrap.ts": "37d293009d1718205bf28e878e54a9f1ca24c1c320cee2416c20dc054104c6ea",
    "https://deno.land/std@0.173.0/node/internal_binding/native_module.ts": "37d293009d1718205bf28e878e54a9f1ca24c1c320cee2416c20dc054104c6ea",
    "https://deno.land/std@0.173.0/node/internal_binding/natives.ts": "37d293009d1718205bf28e878e54a9f1ca24c1c320cee2416c20dc054104c6ea",
    "https://deno.land/std@0.173.0/node/internal_binding/node_file.ts": "21edbbc95653e45514aff252b6cae7bf127a4338cbc5f090557d258aa205d8a5",
    "https://deno.land/std@0.173.0/node/internal_binding/node_options.ts": "0b5cb0bf4379a39278d7b7bb6bb2c2751baf428fe437abe5ed3e8441fae1f18b",
    "https://deno.land/std@0.173.0/node/internal_binding/options.ts": "37d293009d1718205bf28e878e54a9f1ca24c1c320cee2416c20dc054104c6ea",
    "https://deno.land/std@0.173.0/node/internal_binding/os.ts": "37d293009d1718205bf28e878e54a9f1ca24c1c320cee2416c20dc054104c6ea",
    "https://deno.land/std@0.173.0/node/internal_binding/performance.ts": "37d293009d1718205bf28e878e54a9f1ca24c1c320cee2416c20dc054104c6ea",
    "https://deno.land/std@0.173.0/node/internal_binding/pipe_wrap.ts": "e5429879551fb7195039986fe6da920a86971fad4342046cbf653643e6c85e21",
    "https://deno.land/std@0.173.0/node/internal_binding/process_methods.ts": "37d293009d1718205bf28e878e54a9f1ca24c1c320cee2416c20dc054104c6ea",
    "https://deno.land/std@0.173.0/node/internal_binding/report.ts": "37d293009d1718205bf28e878e54a9f1ca24c1c320cee2416c20dc054104c6ea",
    "https://deno.land/std@0.173.0/node/internal_binding/serdes.ts": "37d293009d1718205bf28e878e54a9f1ca24c1c320cee2416c20dc054104c6ea",
    "https://deno.land/std@0.173.0/node/internal_binding/signal_wrap.ts": "37d293009d1718205bf28e878e54a9f1ca24c1c320cee2416c20dc054104c6ea",
    "https://deno.land/std@0.173.0/node/internal_binding/spawn_sync.ts": "37d293009d1718205bf28e878e54a9f1ca24c1c320cee2416c20dc054104c6ea",
    "https://deno.land/std@0.173.0/node/internal_binding/stream_wrap.ts": "452bff74d1db280a0cd78c75a95bb6d163e849e06e9638c4af405d40296bd050",
    "https://deno.land/std@0.173.0/node/internal_binding/string_decoder.ts": "54c3c1cbd5a9254881be58bf22637965dc69535483014dab60487e299cb95445",
    "https://deno.land/std@0.173.0/node/internal_binding/symbols.ts": "4dee2f3a400d711fd57fa3430b8de1fdb011e08e260b81fef5b81cc06ed77129",
    "https://deno.land/std@0.173.0/node/internal_binding/task_queue.ts": "37d293009d1718205bf28e878e54a9f1ca24c1c320cee2416c20dc054104c6ea",
    "https://deno.land/std@0.173.0/node/internal_binding/tcp_wrap.ts": "cbede7224fcf0adc4b04e2e1222488a7a9c137807f143bd32cc8b1a121e0d4fa",
    "https://deno.land/std@0.173.0/node/internal_binding/timers.ts": "37d293009d1718205bf28e878e54a9f1ca24c1c320cee2416c20dc054104c6ea",
    "https://deno.land/std@0.173.0/node/internal_binding/tls_wrap.ts": "37d293009d1718205bf28e878e54a9f1ca24c1c320cee2416c20dc054104c6ea",
    "https://deno.land/std@0.173.0/node/internal_binding/trace_events.ts": "37d293009d1718205bf28e878e54a9f1ca24c1c320cee2416c20dc054104c6ea",
    "https://deno.land/std@0.173.0/node/internal_binding/tty_wrap.ts": "37d293009d1718205bf28e878e54a9f1ca24c1c320cee2416c20dc054104c6ea",
    "https://deno.land/std@0.173.0/node/internal_binding/types.ts": "5a658bf08975af30d0fad6fa6247274379be26ba3f023425bec03e61c74083ef",
    "https://deno.land/std@0.173.0/node/internal_binding/udp_wrap.ts": "cc86f7e51bf56fd619505cf9d4f77d7aae1526abdf295399dd277162d28ca6c1",
    "https://deno.land/std@0.173.0/node/internal_binding/url.ts": "37d293009d1718205bf28e878e54a9f1ca24c1c320cee2416c20dc054104c6ea",
    "https://deno.land/std@0.173.0/node/internal_binding/util.ts": "808ff3b92740284184ab824adfc420e75398c88c8bccf5111f0c24ac18c48f10",
    "https://deno.land/std@0.173.0/node/internal_binding/uv.ts": "eb0048e30af4db407fb3f95563e30d70efd6187051c033713b0a5b768593a3a3",
    "https://deno.land/std@0.173.0/node/internal_binding/v8.ts": "37d293009d1718205bf28e878e54a9f1ca24c1c320cee2416c20dc054104c6ea",
    "https://deno.land/std@0.173.0/node/internal_binding/worker.ts": "37d293009d1718205bf28e878e54a9f1ca24c1c320cee2416c20dc054104c6ea",
    "https://deno.land/std@0.173.0/node/internal_binding/zlib.ts": "37d293009d1718205bf28e878e54a9f1ca24c1c320cee2416c20dc054104c6ea",
    "https://deno.land/std@0.173.0/node/process.ts": "6608012d6d51a17a7346f36079c574b9b9f81f1b5c35436489ad089f39757466",
    "https://deno.land/std@0.173.0/node/stream.ts": "09e348302af40dcc7dc58aa5e40fdff868d11d8d6b0cfb85cbb9c75b9fe450c7",
    "https://deno.land/std@0.173.0/node/string_decoder.ts": "1a17e3572037c512cc5fc4b29076613e90f225474362d18da908cb7e5ccb7e88",
    "https://deno.land/std@0.173.0/node/util.ts": "4c12edeafde7e50dfe2d4022e383decb422c77858b938b093698cb7250c9e125",
    "https://deno.land/std@0.173.0/node/util/types.ts": "461b2e1118fd32456967e14b99f01c892dee1e94d144d6b96e9d94eb086a9574",
    "https://deno.land/std@0.173.0/path/_constants.ts": "e49961f6f4f48039c0dfed3c3f93e963ca3d92791c9d478ac5b43183413136e0",
    "https://deno.land/std@0.173.0/path/_interface.ts": "6471159dfbbc357e03882c2266d21ef9afdb1e4aa771b0545e90db58a0ba314b",
    "https://deno.land/std@0.173.0/path/_util.ts": "86c2375a996c1931b2f2ac71fefd5ddf0cf0e579fa4ab12d3e4c552d4223b8d8",
    "https://deno.land/std@0.173.0/path/common.ts": "ee7505ab01fd22de3963b64e46cff31f40de34f9f8de1fff6a1bd2fe79380000",
    "https://deno.land/std@0.173.0/path/glob.ts": "d479e0a695621c94d3fd7fe7abd4f9499caf32a8de13f25073451c6ef420a4e1",
    "https://deno.land/std@0.173.0/path/mod.ts": "4b83694ac500d7d31b0cdafc927080a53dc0c3027eb2895790fb155082b0d232",
    "https://deno.land/std@0.173.0/path/posix.ts": "0874b341c2c6968ca38d323338b8b295ea1dae10fa872a768d812e2e7d634789",
    "https://deno.land/std@0.173.0/path/separator.ts": "0fb679739d0d1d7bf45b68dacfb4ec7563597a902edbaf3c59b50d5bcadd93b1",
    "https://deno.land/std@0.173.0/path/win32.ts": "672942919dd66ce1b8c224e77d3447e2ad8254eaff13fe6946420a9f78fa141e",
    "https://deno.land/std@0.173.0/streams/write_all.ts": "3b2e1ce44913f966348ce353d02fa5369e94115181037cd8b602510853ec3033",
    "https://deno.land/std@0.173.0/testing/_diff.ts": "1a3c044aedf77647d6cac86b798c6417603361b66b54c53331b312caeb447aea",
    "https://deno.land/std@0.173.0/testing/_format.ts": "a69126e8a469009adf4cf2a50af889aca364c349797e63174884a52ff75cf4c7",
    "https://deno.land/std@0.173.0/testing/asserts.ts": "984ab0bfb3faeed92ffaa3a6b06536c66811185328c5dd146257c702c41b01ab",
    "https://deno.land/std@0.173.0/types.d.ts": "220ed56662a0bd393ba5d124aa6ae2ad36a00d2fcbc0e8666a65f4606aaa9784",
    "https://deno.land/x/aleph@1.0.0-beta.21/runtime/core/error.ts": "f9c0bce80c7fbefb0a5b983ce4e61699b9a71b85af2cd52fddecae00e5b23390",
    "https://deno.land/x/aleph@1.0.0-beta.21/runtime/core/routes.ts": "8e86e8b22b5f897ec170eca40c6d2940b46c43b9ee2959cecfd7246f335e9ae1",
    "https://deno.land/x/aleph@1.0.0-beta.21/runtime/core/url_pattern.ts": "ffe78dc4ca17d62339ad4af966c8e3c886fea05ec68a01b92cd945197376eb8c",
    "https://deno.land/x/aleph@1.0.0-beta.21/runtime/solid/server.ts": "f93eef1344915900f1b2d852006ecbc49f067efd15b3736fea46a06c4c7cf9ee",
    "https://deno.land/x/aleph@1.0.0-beta.21/runtime/solid/transformer.ts": "68a45df490540fc7b05c9407e5f5c8ff2ba04631cfe47fd8e6df76406c64fdab",
    "https://deno.land/x/aleph@1.0.0-beta.21/server/build.ts": "4e6ba64c20b6d323e3cecb60318a18c2ca19c5640ea30fb3d96394c60eb5ac92",
    "https://deno.land/x/aleph@1.0.0-beta.21/server/cache.ts": "a57e9361f2d7f24c6c41ed7a912fa3ce0d509bde69c954176493bdc30cd1e1ad",
    "https://deno.land/x/aleph@1.0.0-beta.21/server/context.ts": "ae6a8528a170b4ce9bc41511af1c354dfd4f382a2ac22d73697afa3b9e02e109",
    "https://deno.land/x/aleph@1.0.0-beta.21/server/deps.ts": "a0a40f6d679b0583bd829a48ac8b010b0f18a3ec0a415e582c7d6d06b0aba9c0",
    "https://deno.land/x/aleph@1.0.0-beta.21/server/dev.ts": "a78cc29b5a8570a5df0dc02c7bf6aff68e1c55141eb05208867b2fa7e9b5129e",
    "https://deno.land/x/aleph@1.0.0-beta.21/server/graph.ts": "15ca091aab1e06bef77508ce50c6010fe4e8d41653fba9529f9116657173d607",
    "https://deno.land/x/aleph@1.0.0-beta.21/server/helpers.ts": "aefdf3acfbd11e44ad56ba829b2e94b2680598f66479250ef565833f9b776dbc",
    "https://deno.land/x/aleph@1.0.0-beta.21/server/html.ts": "b00c1997f5cc04ea10e02dc54d0a51e9b0730af8309bdc9ea43a444f39f5e892",
    "https://deno.land/x/aleph@1.0.0-beta.21/server/log.ts": "cac83cdc563338bcef4a665608cdac75e5b8cdf0084f40ac2e3c920b8a6e6b29",
    "https://deno.land/x/aleph@1.0.0-beta.21/server/media_type.ts": "7469f33e474c97c8d7919cd1b81171edd0e41774007f952cc1e10c775246dc09",
    "https://deno.land/x/aleph@1.0.0-beta.21/server/mod.ts": "b1e11a2bba14855a0ba94c28ab73c7c3fc4c8ace422bbd5ed08797068f3a4a87",
    "https://deno.land/x/aleph@1.0.0-beta.21/server/renderer.ts": "809f3b67420ed8764a5fbe72ef32271744588c4ff5a6444c6a1b9e1d8e4489e7",
    "https://deno.land/x/aleph@1.0.0-beta.21/server/routing.ts": "030a5ba713870edc98794575dd2690be76b961a8571a33b625ddb8dde4d9d176",
    "https://deno.land/x/aleph@1.0.0-beta.21/server/session.ts": "706fa74f6affa0af0daa61cf812b9a959d25629c8efd3d572e6afb7549e2a9d7",
    "https://deno.land/x/aleph@1.0.0-beta.21/server/transformer.ts": "70e3b60ea704e6f50f76802e8a21abefa8939bbf6709d98131d80ac7224cc800",
    "https://deno.land/x/aleph@1.0.0-beta.21/server/types.ts": "5795f221e82c5be6c922a389b01bb800799d723f2221158cf7358a769cfdc163",
    "https://deno.land/x/aleph@1.0.0-beta.21/shared/util.ts": "3eda4196db47f2965eb94dd6d58ac3db27f4e39278511cbfae8e26b96a47c9e6",
    "https://deno.land/x/aleph@1.0.0-beta.21/types.d.ts": "d65f0962822a86fafea3ab1962a6dfdbedf2916384c840d983dfe2de90638cbd",
    "https://deno.land/x/aleph@1.0.0-beta.21/version.ts": "e6d66099514cf926cca4c0fc62b5a98a60cd7deb3f9c7990c3a02efa7a62c34a",
    "https://deno.land/x/aleph_compiler@0.8.2/dist/compiler.js": "480bffcaf2348a9a33d8d3862fa627c60adb6610926b60b6f990673571bb2c7a",
    "https://deno.land/x/aleph_compiler@0.8.2/dist/wasm.js": "f1f81ee912266ad86f79c28428b4446f534ab7ad7e8f660ae746db6dac3dc03a",
    "https://deno.land/x/aleph_compiler@0.8.2/mod.ts": "d4f0d8a28b49942c3f27c7c3d95238dc3fdba5d4c20f201aa627217db6e0cf8a",
    "https://deno.land/x/aleph_compiler@0.8.2/types.ts": "87db4105bc3f5b76a6f5ffccf8ada8005e184fefa28b58bd5952cc41c86ecdc9",
    "https://deno.land/x/aleph_compiler@0.8.2/version.ts": "427762880da366bac23481bd06209ef860b97c8be1815dd550fd8fbc7a8afd9e",
    "https://deno.land/x/denoflate@1.2.1/mod.ts": "f5628e44b80b3d80ed525afa2ba0f12408e3849db817d47a883b801f9ce69dd6",
    "https://deno.land/x/denoflate@1.2.1/pkg/denoflate.js": "b9f9ad9457d3f12f28b1fb35c555f57443427f74decb403113d67364e4f2caf4",
    "https://deno.land/x/denoflate@1.2.1/pkg/denoflate_bg.wasm.js": "d581956245407a2115a3d7e8d85a9641c032940a8e810acbd59ca86afd34d44d",
    "https://deno.land/x/esbuild@v0.15.10/mod.d.ts": "12e96a8d05c8e2c5638aa9cb09f24222134d437abb2f3f52de0156adb2270719",
    "https://deno.land/x/esbuild@v0.15.10/mod.js": "b6076f05f58057025ce0eddb404a4da3b7a0e3768c53f6c87959c8c32240e9cd",
    "https://deno.land/x/jsonc_parser@v0.0.1/src/jsonc.ts": "cb14bdf3b0a7fcd2129b3b2a21d7943096781b7ca6f82781c180c006a35a9599",
    "https://deno.land/x/lol_html@0.0.4/mod.js": "1dbe7fb491bc1bc75561a7fccfd3d2e9b2c66d2eb625be535eb49c9374ea6839",
    "https://deno.land/x/lol_html@0.0.4/types.d.ts": "497047e6ac12eb3122987d31e0a6ed154303bc708b53a772c606ee1b40630427",
    "https://deno.land/x/lol_html@0.0.4/wasm.js": "e5a8ff4f97770c00f484b7a12abc52fdf039b189d6d8a7f98da9119c140b6dce",
    "https://deno.land/x/lz4@v0.1.2/mod.ts": "4decfc1a3569d03fd1813bd39128b71c8f082850fe98ecfdde20025772916582",
    "https://deno.land/x/lz4@v0.1.2/wasm.js": "b9c65605327ba273f0c76a6dc596ec534d4cda0f0225d7a94ebc606782319e46",
    "https://esm.sh/@babel/standalone@7.19.2": "66a46a5af2e7b965234c0ded02189c309637df3ca4b4bfe6bb6f97cd63b1c872",
    "https://esm.sh/@unocss/core@0.45.29": "15dbcc1c86ce6374fb8ed47baccd0adab57f25e844d5609067507531662dc993",
    "https://esm.sh/babel-preset-solid@1.5.5": "8c3a6b980190c41fb4f5251f3bd9de2913427359500380eb7c4ad61b48844f03",
    "https://esm.sh/mitt@3.0.0": "dcdee90f3d7f0de51108f4d8290ff248a64245365ba1d6f55faa4e7d09e7c05e",
    "https://esm.sh/solid-js@1.5.5": "da302a771c7799dd84ba741db48f4f1f8eb6f9c4fe88146634489970daa2506e",
    "https://esm.sh/solid-js@1.5.5/jsx-runtime": "27224e77af086fcdac3da6930ed9e2c90f000960dedda461568b816a74b4d9e5",
    "https://esm.sh/solid-js@1.5.5/web": "4725ead0b5c77228d86bd623269aaac4ead15e11c84cd11de1675ab7ea6baddb",
    "https://esm.sh/solid-refresh@0.4.1/babel": "515ea2825a91f9df1f1b0ce8a18b07aaff59198742daaf012002e680fad58307",
    "https://esm.sh/v102/@antfu/utils@0.5.2/index.d.ts": "b55dd2eb5ced2eec9fbac96be6fe8d5c30cb9fd875fd47f711882c7e3c2a857d",
    "https://esm.sh/v102/@unocss/core@0.45.29/deno/core.js": "cde6fd757b6c5aaa1ec189af1d6a01c7f3c574d32f757353128454d772d679d3",
    "https://esm.sh/v102/@unocss/core@0.45.29/dist/index.d.ts": "37b3b1f45557c2636cf7ae522115b2909f2aadeaabf4dc69595cec4d8b847bcb",
    "https://esm.sh/v102/magic-string@0.27.0/index.d.ts": "6511a35c6a756bf3fe384aca1312f0753fc366cfe432714c98eb1a5561741ad8",
    "https://esm.sh/v102/mitt@3.0.0/deno/mitt.js": "9b4650567425ecde1e13e78d177c421d64d12f24748937573036a74567f66964",
    "https://esm.sh/v102/mitt@3.0.0/index.d.ts": "d078b49194156918c4adfe4f0e2da2f2d5bfb0fe92539c9437d453a2fe68dd01",
    "https://esm.sh/v102/unconfig@0.3.7/dist/index.d.ts": "6140e024db473e9d3858c9c575e74c669564b0bc50b99fa618e771f7bb24575d",
    "https://esm.sh/v102/unconfig@0.3.7/dist/types-6886c41e.d.ts": "f9f31aef926fe4ebb5c1aec9013973ee7ce6e928fe24babb759861ba02474dd6",
    "https://esm.sh/v104/@babel/generator@7.20.7/deno/generator.js": "17bfc05f2a76fddac72c9fc16a90f86a2895433dbc4d7362be60ab025e220ceb",
    "https://esm.sh/v104/@babel/helper-module-imports@7.16.0/deno/helper-module-imports.js": "867c62de2718435dfcc5b5be8bfd67a3687333da681809b40a0ca9242a83a29a",
    "https://esm.sh/v104/@babel/helper-module-imports@7.18.6/deno/helper-module-imports.js": "294c6ad8dc677e72fe36436372f583f96dabce1fa7ac0799064d1440bc12046a",
    "https://esm.sh/v104/@babel/helper-plugin-utils@7.20.2/deno/helper-plugin-utils.js": "27bf9f40d1b0b5fb83dd52aacf42df8e7b7eb7635b6da4c17413b4f34d290d43",
    "https://esm.sh/v104/@babel/helper-string-parser@7.19.4/deno/helper-string-parser.js": "8fd4f88a62fe4c4f5d5fc668b1d2fe177a12d741ab23de16acc1bbf2cd84b1cb",
    "https://esm.sh/v104/@babel/helper-validator-identifier@7.19.1/deno/helper-validator-identifier.js": "0420a01d841c49fc6a0d0eaca9a97fdfb3c35795d62fb0be720f07df2c27452e",
    "https://esm.sh/v104/@babel/parser@7.20.13/typings/babel-parser.d.ts": "1888c1d8ff29bbf41eafc3eb72805986cb2026318c1cad432d3d9dcaf36764a0",
    "https://esm.sh/v104/@babel/plugin-syntax-jsx@7.18.6/deno/plugin-syntax-jsx.js": "8f50fd1836936e683c134a86baf78c946b34adfc26df6b3f9e23005aa690ac0e",
    "https://esm.sh/v104/@babel/standalone@7.19.2/deno/standalone.js": "219e97a0a5810285df32c0242fbc99c96c00220b1eef7c2c2b1ceebe394dfc23",
    "https://esm.sh/v104/@babel/types@7.20.7/deno/types.js": "3b2506e03a26d09849ff706c2125813d1a67d299136804e48e0ebf3bfc6d8fe3",
    "https://esm.sh/v104/@babel/types@7.20.7/lib/index-legacy.d.ts": "500cd3a6b69408560fd50b7386c5bf0f1a11da7ece18357c8ca5cb4f21ff9f74",
    "https://esm.sh/v104/@jridgewell/gen-mapping@0.3.2/deno/gen-mapping.js": "2f2bf3ed1e1c6ff1c3b67a165cf523afa15dc51a52369a6009d4254ea0fef340",
    "https://esm.sh/v104/@jridgewell/resolve-uri@3.1.0/deno/resolve-uri.js": "532be46eb58021c43ac0b7648bbb6b010aa37fbb79d14267b4c5833df63379a3",
    "https://esm.sh/v104/@jridgewell/set-array@1.1.2/deno/set-array.js": "6209cc2b94c3abd764bf7e0c58d2de5a82f743b53af9c14d42481ff6a9742538",
    "https://esm.sh/v104/@jridgewell/sourcemap-codec@1.4.14/deno/sourcemap-codec.js": "d298e4d94e40a085eaf920aa5b1454755a5c45fbb4b5f69744b2eb1b20e5a504",
    "https://esm.sh/v104/@jridgewell/trace-mapping@0.3.17/deno/trace-mapping.js": "0e557ba0acdc0701a9dbf898678d290b4825782ca1f93fce8143286c14f3193d",
    "https://esm.sh/v104/@types/babel__core@7.20.0/index.d.ts": "8199265440ca8712ff88f27687c7547921b8cfba6d4626ae69767535fc5045d9",
    "https://esm.sh/v104/@types/babel__generator@7.6.4/index.d.ts": "683b36e84269166c517f8454a5a5caa5da56d4ea054f76f1bb12426e7ca2ae34",
    "https://esm.sh/v104/@types/babel__standalone@7.1.4/index.d.ts": "57005c9159c419c95f3c18e59e43569b7bff4bc42dc851d3e803d9c148906f79",
    "https://esm.sh/v104/@types/babel__template@7.4.1/index.d.ts": "b63d178bfafb39b6d64625b94ea30638cb293cd0e68ed04641fca954e6aebb81",
    "https://esm.sh/v104/@types/babel__traverse@7.18.3/index.d.ts": "c34da58c81a2edc2066c145a79e496fae66ee26c31797008dd6a82c70ddb4ee7",
    "https://esm.sh/v104/babel-plugin-jsx-dom-expressions@0.34.13/deno/babel-plugin-jsx-dom-expressions.js": "5ff2c1f680bb450790e658299cccfc10a6145ae103242f9abe3af3ee63bc8de1",
    "https://esm.sh/v104/babel-preset-solid@1.5.5/deno/babel-preset-solid.js": "f4cf50001b9ace8117880233d8cd3c35c6f94dc17d234e90c3ad6ecbb41a4aeb",
    "https://esm.sh/v104/csstype@3.1.1/index.d.ts": "1c29793071152b207c01ea1954e343be9a44d85234447b2b236acae9e709a383",
    "https://esm.sh/v104/html-entities@2.3.2/deno/html-entities.js": "ecbe2b076f68b0b6df1bad64048f8ef65f290dcc1e7aac34e58a9005f7cfd19c",
    "https://esm.sh/v104/jsesc@2.5.2/deno/jsesc.js": "b69e62b845875c6e5db0166c1a89ebc5a9823fb522f801b160735fbbc2747b1e",
    "https://esm.sh/v104/solid-js@1.5.5/deno/jsx-runtime.js": "b5477ffd8c75fac478dbed487e0c76897a630466780f8941782a703910db5c09",
    "https://esm.sh/v104/solid-js@1.5.5/deno/solid-js.js": "a3becdaf6b5b2b09f625f4cd8f1ec1a8d8d29031daa1736808597ac6a4b9ea38",
    "https://esm.sh/v104/solid-js@1.5.5/deno/web.js": "e28536e4749ef0c62e9aac9ea8a5f38a0d693df7a058f34afc081604f3e5bcc4",
    "https://esm.sh/v104/solid-js@1.5.5/types/index.d.ts": "42475718ce7d4a583647d6a29de25bab6dbc4780b771ada87b6661ed0b7c51fd",
    "https://esm.sh/v104/solid-js@1.5.5/types/jsx.d.ts": "e971e6e3f7a3b6dcc4f76540b32f6fc30be675ee762a20d6edc14056e85527de",
    "https://esm.sh/v104/solid-js@1.5.5/types/reactive/array.d.ts": "b4b3ec7c09f48492fb0945b67988eb15c8415471da17ab0cb5ac390800969aca",
    "https://esm.sh/v104/solid-js@1.5.5/types/reactive/observable.d.ts": "85d802886ba692f9b927a46f84427aef8a80c071f6b5292e68086e3ac5307f18",
    "https://esm.sh/v104/solid-js@1.5.5/types/reactive/scheduler.d.ts": "a6d2eb77f390448a229ca63b4adadbcc549d203b8c038f1f7627a118f732969d",
    "https://esm.sh/v104/solid-js@1.5.5/types/reactive/signal.d.ts": "8825121561f127c6b60b4c2dfbf80266525e329e7ee22c82f449dd4748bc7f9d",
    "https://esm.sh/v104/solid-js@1.5.5/types/render/Suspense.d.ts": "416804309b82c59fe68a956b03d377a15ca6f0380aab16fa5080a3d0741bc6fe",
    "https://esm.sh/v104/solid-js@1.5.5/types/render/component.d.ts": "914a90428a1e18357ff9e234cab84d5d59b915a5ca052dd1d0eded6b7f674c36",
    "https://esm.sh/v104/solid-js@1.5.5/types/render/flow.d.ts": "5a77352b6e6f6da42a83db882464d595da38fc71af809bd246575d70212c436e",
    "https://esm.sh/v104/solid-js@1.5.5/types/render/hydration.d.ts": "e32d14ad0acb5737a4307105e8aaec52927970e64ee518562b3afb1b62517007",
    "https://esm.sh/v104/solid-js@1.5.5/types/render/index.d.ts": "26eb7e2a576a212220edb4eaaa37f1a102a51a53413a38481d1c09506c72344d",
    "https://esm.sh/v104/solid-js@1.5.5/web/types/client.d.ts": "18c770e6ea3dd50bfd288897737c4c8fd82e8cbdf72b0664aaa41c5e12d534c9",
    "https://esm.sh/v104/solid-js@1.5.5/web/types/index.d.ts": "3c0ff3f0ea60bfe035c15ab78b1f957da9c7f36e3099d013666b8abcb955c605",
    "https://esm.sh/v104/solid-js@1.5.5/web/types/jsx.d.ts": "00c1e6a2d3e7736770b22c124f0d85f65305d92952fec11db4dfddd6fe9b95e7",
    "https://esm.sh/v104/solid-js@1.5.5/web/types/server-mock.d.ts": "709837512d37f7cc4b963b43e8e9c95f7fd59cbc7e557e54f6e2e90cb01b664f",
    "https://esm.sh/v104/solid-refresh@0.4.1/deno/babel.js": "4b09ce3411851ad960a2a2ef15bfa56bc8a26401b22a6464de1129904580a313",
    "https://esm.sh/v104/to-fast-properties@2.0.0/deno/to-fast-properties.js": "503b515d1f05830169bd581d4d2ff4b217189aa0dc883bf75dd11221e918fd7e"
  }
}
